
Microsoft Visual Studio Solution File, Format Version 12.00
# Visual Studio Version 17
VisualStudioVersion = 17.9.34723.18
MinimumVisualStudioVersion = 10.0.40219.1
Project("{FAE04EC0-301F-11D3-BF4B-00C04F79EFBC}") = "FamilyTreeApp", "FamilyTreeApp.csproj", "{DA590C66-0B6C-4958-B645-ED17D8E9DC4C}"
EndProject
Global
	GlobalSection(SolutionConfigurationPlatforms) = preSolution
		Debug|Any CPU = Debug|Any CPU
		Release|Any CPU = Release|Any CPU
	EndGlobalSection
	GlobalSection(ProjectConfigurationPlatforms) = postSolution
		{DA590C66-0B6C-4958-B645-ED17D8E9DC4C}.Debug|Any CPU.ActiveCfg = Debug|Any CPU
		{DA590C66-0B6C-4958-B645-ED17D8E9DC4C}.Debug|Any CPU.Build.0 = Debug|Any CPU
		{DA590C66-0B6C-4958-B645-ED17D8E9DC4C}.Release|Any CPU.ActiveCfg = Release|Any CPU
		{DA590C66-0B6C-4958-B645-ED17D8E9DC4C}.Release|Any CPU.Build.0 = Release|Any CPU
	EndGlobalSection
	GlobalSection(SolutionProperties) = preSolution
		HideSolutionNode = FALSE
	EndGlobalSection
	GlobalSection(ExtensibilityGlobals) = postSolution
		SolutionGuid = {F627C4B0-9CFF-4EB6-838A-6455C1326A72}
	EndGlobalSection
EndGlobal
